
Microsoft Visual Studio Solution File, Format Version 12.00
# Visual Studio Version 16
VisualStudioVersion = 16.0.32413.511
MinimumVisualStudioVersion = 10.0.40219.1
Project("{FAE04EC0-301F-11D3-BF4B-00C04F79EFBC}") = "Delete and Earn", "Delete and Earn\Delete and Earn.csproj", "{2CA6B219-5E01-48B7-8815-A658979183C8}"
EndProject
Global
	GlobalSection(SolutionConfigurationPlatforms) = preSolution
		Debug|Any CPU = Debug|Any CPU
		Release|Any CPU = Release|Any CPU
	EndGlobalSection
	GlobalSection(ProjectConfigurationPlatforms) = postSolution
		{2CA6B219-5E01-48B7-8815-A658979183C8}.Debug|Any CPU.ActiveCfg = Debug|Any CPU
		{2CA6B219-5E01-48B7-8815-A658979183C8}.Debug|Any CPU.Build.0 = Debug|Any CPU
		{2CA6B219-5E01-48B7-8815-A658979183C8}.Release|Any CPU.ActiveCfg = Release|Any CPU
		{2CA6B219-5E01-48B7-8815-A658979183C8}.Release|Any CPU.Build.0 = Release|Any CPU
	EndGlobalSection
	GlobalSection(SolutionProperties) = preSolution
		HideSolutionNode = FALSE
	EndGlobalSection
	GlobalSection(ExtensibilityGlobals) = postSolution
		SolutionGuid = {803FA8A1-9D3F-4B5D-AC72-51D512A87CA4}
	EndGlobalSection
EndGlobal
